
Microsoft Visual Studio Solution File, Format Version 12.00
# Visual Studio Version 16
VisualStudioVersion = 16.0.29728.190
MinimumVisualStudioVersion = 10.0.40219.1
Project("{888888A0-9F3D-457C-B088-3A5042F75D52}") = "gra_project", "gra_project\gra_project.pyproj", "{6F9E053C-773D-45E7-BB11-3598E5AA11A3}"
EndProject
Global
	GlobalSection(SolutionConfigurationPlatforms) = preSolution
		Debug|Any CPU = Debug|Any CPU
		Release|Any CPU = Release|Any CPU
	EndGlobalSection
	GlobalSection(ProjectConfigurationPlatforms) = postSolution
		{6F9E053C-773D-45E7-BB11-3598E5AA11A3}.Debug|Any CPU.ActiveCfg = Debug|Any CPU
		{6F9E053C-773D-45E7-BB11-3598E5AA11A3}.Release|Any CPU.ActiveCfg = Release|Any CPU
	EndGlobalSection
	GlobalSection(SolutionProperties) = preSolution
		HideSolutionNode = FALSE
	EndGlobalSection
	GlobalSection(ExtensibilityGlobals) = postSolution
		SolutionGuid = {B13AE4EC-4C53-48E0-8048-43E62159A929}
	EndGlobalSection
EndGlobal
